git.tcp.direct/kayos/sendkeys v0.0.0-20211216174833-565f782ccf21 h1:c8dSCGl3I3iM8bFz2lZTqKP2FE8kIy7AplNlM0YN9To=
git.tcp.direct/kayos/sendkeys v0.0.0-20211216174833-565f782ccf21/go.mod h1:8yS2wQzBLToCpla1KRImKDhxb7fVZvXTpwMEi76saaA=
github.com/google/gousb v1.1.3 h1:xt6M5TDsGSZ+rlomz5Si5Hmd/Fvbmo2YCJHN+yGaK4o=
github.com/google/gousb v1.1.3/go.mod h1:GGWUkK0gAXDzxhwrzetW592aOmkkqSGcj5KLEgmCVUg=
github.com/micmonay/keybd_event v1.1.1 h1:rv7omwXWYL9Lgf3PUq6uBgJI2k1yGkL/GD6dxc6nmSs=
github.com/micmonay/keybd_event v1.1.1/go.mod h1:CGMWMDNgsfPljzrAWoybUOSKafQPZpv+rLigt2LzNGI=
github.com/splace/joysticks v0.0.0-20200523190645-fcfd5a84a6c2 h1:HROHt05nJ0PwmCtAcZ9NwD+m5ilmIlc4X8y5Rdbh+B0=
github.com/splace/joysticks v0.0.0-20200523190645-fcfd5a84a6c2/go.mod h1:PQPCtmjcD4hfFT4yHSY7zomN8fvov8fFvQWYSth8L34=
